PODS:
  - Flutter (1.0.0)
  - mapbox_maps_flutter (2.9.0):
    - Flutter
    - MapboxMaps (= 11.13.0)
    - Turf (= 4.0.0)
  - MapboxCommon (24.13.0):
    - Turf (= 4.0.0)
  - MapboxCoreMaps (11.13.0):
    - MapboxCommon (= 24.13.0)
  - MapboxMaps (11.13.0):
    - MapboxCommon (= 24.13.0)
    - MapboxCoreMaps (= 11.13.0)
    - Turf (= 4.0.0)
  - permission_handler_apple (9.3.0):
    - Flutter
  - Turf (4.0.0)

DEPENDENCIES:
  - Flutter (from `Flutter`)
  - mapbox_maps_flutter (from `.symlinks/plugins/mapbox_maps_flutter/ios`)
  - permission_handler_apple (from `.symlinks/plugins/permission_handler_apple/ios`)

SPEC REPOS:
  trunk:
    - MapboxCommon
    - MapboxCoreMaps
    - MapboxMaps
    - Turf

EXTERNAL SOURCES:
  Flutter:
    :path: Flutter
  mapbox_maps_flutter:
    :path: ".symlinks/plugins/mapbox_maps_flutter/ios"
  permission_handler_apple:
    :path: ".symlinks/plugins/permission_handler_apple/ios"

SPEC CHECKSUMS:
  Flutter: e0871f40cf51350855a761d2e70bf5af5b9b5de7
  mapbox_maps_flutter: 36bce1e084f6aca22ea3a58a35429fda15be29fc
  MapboxCommon: 5f918338024f4f33a07013dbc51ab222a1d41a7c
  MapboxCoreMaps: 8bf3572e446be27508bfba0b4580ad5e9b1a577d
  MapboxMaps: c553f390b0e0eed0cc68710a6cee7ba5fa3143b3
  permission_handler_apple: 4ed2196e43d0651e8ff7ca3483a069d469701f2d
  Turf: c9eb11a65d96af58cac523460fd40fec5061b081

PODFILE CHECKSUM: 4305caec6b40dde0ae97be1573c53de1882a07e5

COCOAPODS: 1.16.2
